<?xml version="1.0" encoding="utf-8"?>
<Project ToolsVersion="4.0" xmlns="http://schemas.microsoft.com/developer/msbuild/2003">
  <ItemGroup>
    <Filter Include="Headerdatein">
      <UniqueIdentifier>{1c64ae58-b3ec-487f-9275-3455063b0bf5}</UniqueIdentifier>
    </Filter>
    <Filter Include="Quelldatein">
      <UniqueIdentifier>{46103e79-9a8e-4724-bbe7-e437683177c6}</UniqueIdentifier>
    </Filter>
  </ItemGroup>
  <ItemGroup>
    <ClInclude Include="sudoku_seriell.h">
      <Filter>Headerdatein</Filter>
    </ClInclude>
  </ItemGroup>
  <ItemGroup>
    <ClCompile Include="sudoku_seriell.c">
      <Filter>Quelldatein</Filter>
    </ClCompile>
    <ClCompile Include="omp.c">
      <Filter>Quelldatein</Filter>
    </ClCompile>
  </ItemGroup>
</Project>